
Microsoft Visual Studio Solution File, Format Version 12.00
# Visual Studio Version 17
VisualStudioVersion = 17.5.002.0
MinimumVisualStudioVersion = 10.0.40219.1
Project("{9A19103F-16F7-4668-BE54-9A1E7A4F7556}") = "WebAPI", "WebAPI.csproj", "{918E0DCE-23B2-4A2A-81BE-1A2A159CC99D}"
EndProject
Global
	GlobalSection(SolutionConfigurationPlatforms) = preSolution
		Debug|Any CPU = Debug|Any CPU
		Release|Any CPU = Release|Any CPU
	EndGlobalSection
	GlobalSection(ProjectConfigurationPlatforms) = postSolution
		{918E0DCE-23B2-4A2A-81BE-1A2A159CC99D}.Debug|Any CPU.ActiveCfg = Debug|Any CPU
		{918E0DCE-23B2-4A2A-81BE-1A2A159CC99D}.Debug|Any CPU.Build.0 = Debug|Any CPU
		{918E0DCE-23B2-4A2A-81BE-1A2A159CC99D}.Release|Any CPU.ActiveCfg = Release|Any CPU
		{918E0DCE-23B2-4A2A-81BE-1A2A159CC99D}.Release|Any CPU.Build.0 = Release|Any CPU
	EndGlobalSection
	GlobalSection(SolutionProperties) = preSolution
		HideSolutionNode = FALSE
	EndGlobalSection
	GlobalSection(ExtensibilityGlobals) = postSolution
		SolutionGuid = {E5C86F3A-ECB3-483F-BF66-52885054B0E5}
	EndGlobalSection
EndGlobal
